{
  "name": "mpvue-basic",
  "version": "1.0.0",
  "lockfileVersion": 1,
  "requires": true,
  "dependencies": {
    "mpvue-calendar": {
      "version": "2.1.1",
      "resolved": "http://registry.npm.taobao.org/mpvue-calendar/download/mpvue-calendar-2.1.1.tgz",
      "integrity": "sha1-rfAel3nQqUlGV8D6k2Q/idhCKKQ="
    }
  }
}
